// !$*UTF8*$!
{
	archiveVersion = 1;
	classes = {
	};
	objectVersion = 46;
	objects = {

/* Begin PBXBuildFile section */
		291CF1C81BF223EF003356A6 /* RootNavigationController.m in Sources */ = {isa = PBXBuildFile; fileRef = 291CF1C71BF223EF003356A6 /* RootNavigationController.m */; };
		291CF1CB1BF2245A003356A6 /* Test1ViewController.m in Sources */ = {isa = PBXBuildFile; fileRef = 291CF1CA1BF2245A003356A6 /* Test1ViewController.m */; };
		2927617F1BF1E30F006FEF56 /* test1.storyboard in Resources */ = {isa = PBXBuildFile; fileRef = 2927617E1BF1E30F006FEF56 /* test1.storyboard */; };
		292761811BF1E3E9006FEF56 /* test.storyboard in Resources */ = {isa = PBXBuildFile; fileRef = 292761801BF1E3E9006FEF56 /* test.storyboard */; };
		292761831BF1E57E006FEF56 /* Main.storyboard in Resources */ = {isa = PBXBuildFile; fileRef = 292761821BF1E57E006FEF56 /* Main.storyboard */; };
		294E42931BF03293003C2423 /* main.m in Sources */ = {isa = PBXBuildFile; fileRef = 294E42921BF03293003C2423 /* main.m */; };
		294E42961BF03293003C2423 /* AppDelegate.m in Sources */ = {isa = PBXBuildFile; fileRef = 294E42951BF03293003C2423 /* AppDelegate.m */; };
		294E42991BF03294003C2423 /* ViewController.m in Sources */ = {isa = PBXBuildFile; fileRef = 294E42981BF03294003C2423 /* ViewController.m */; };
		294E429E1BF03294003C2423 /* Assets.xcassets in Resources */ = {isa = PBXBuildFile; fileRef = 294E429D1BF03294003C2423 /* Assets.xcassets */; };
		294E42A11BF03294003C2423 /* LaunchScreen.storyboard in Resources */ = {isa = PBXBuildFile; fileRef = 294E429F1BF03294003C2423 /* LaunchScreen.storyboard */; };
		295F11691BF1994600AE9C29 /* ZCTest.m in Sources */ = {isa = PBXBuildFile; fileRef = 295F11681BF1994600AE9C29 /* ZCTest.m */; };
		295F116C1BF19ACE00AE9C29 /* Test2.m in Sources */ = {isa = PBXBuildFile; fileRef = 295F116B1BF19ACE00AE9C29 /* Test2.m */; };
		295F116F1BF1C96D00AE9C29 /* Xiawu.m in Sources */ = {isa = PBXBuildFile; fileRef = 295F116E1BF1C96D00AE9C29 /* Xiawu.m */; };
		C21269BE1BF1C8220091CC45 /* Sss.m in Sources */ = {isa = PBXBuildFile; fileRef = C21269BD1BF1C8220091CC45 /* Sss.m */; };
		C2BA4C7A1BF1908B000D9163 /* Test.m in Sources */ = {isa = PBXBuildFile; fileRef = C2BA4C791BF1908B000D9163 /* Test.m */; };
		EFC8ED12F0497EAA1360201E /* libPods.a in Frameworks */ = {isa = PBXBuildFile; fileRef = 8B2AE811E421C2FA1633C1DD /* libPods.a */; };
/* End PBXBuildFile section */

/* Begin PBXFileReference section */
		291CF1C61BF223EF003356A6 /* RootNavigationController.h */ = {isa = PBXFileReference; fileEncoding = 4; lastKnownFileType = sourcecode.c.h; path = RootNavigationController.h; sourceTree = "<group>"; };
		291CF1C71BF223EF003356A6 /* RootNavigationController.m */ = {isa = PBXFileReference; fileEncoding = 4; lastKnownFileType = sourcecode.c.objc; path = RootNavigationController.m; sourceTree = "<group>"; };
		291CF1C91BF2245A003356A6 /* Test1ViewController.h */ = {isa = PBXFileReference; fileEncoding = 4; lastKnownFileType = sourcecode.c.h; path = Test1ViewController.h; sourceTree = "<group>"; };
		291CF1CA1BF2245A003356A6 /* Test1ViewController.m */ = {isa = PBXFileReference; fileEncoding = 4; lastKnownFileType = sourcecode.c.objc; path = Test1ViewController.m; sourceTree = "<group>"; };
		2927617E1BF1E30F006FEF56 /* test1.storyboard */ = {isa = PBXFileReference; fileEncoding = 4; lastKnownFileType = file.storyboard; path = test1.storyboard; sourceTree = "<group>"; };
		292761801BF1E3E9006FEF56 /* test.storyboard */ = {isa = PBXFileReference; fileEncoding = 4; lastKnownFileType = file.storyboard; path = test.storyboard; sourceTree = "<group>"; };
		292761821BF1E57E006FEF56 /* Main.storyboard */ = {isa = PBXFileReference; fileEncoding = 4; lastKnownFileType = file.storyboard; path = Main.storyboard; sourceTree = "<group>"; };
		294E428E1BF03293003C2423 /* SourceTreeTest.app */ = {isa = PBXFileReference; explicitFileType = wrapper.application; includeInIndex = 0; path = SourceTreeTest.app; sourceTree = BUILT_PRODUCTS_DIR; };
		294E42921BF03293003C2423 /* main.m */ = {isa = PBXFileReference; lastKnownFileType = sourcecode.c.objc; path = main.m; sourceTree = "<group>"; };
		294E42941BF03293003C2423 /* AppDelegate.h */ = {isa = PBXFileReference; lastKnownFileType = sourcecode.c.h; path = AppDelegate.h; sourceTree = "<group>"; };
		294E42951BF03293003C2423 /* AppDelegate.m */ = {isa = PBXFileReference; lastKnownFileType = sourcecode.c.objc; path = AppDelegate.m; sourceTree = "<group>"; };
		294E42971BF03293003C2423 /* ViewController.h */ = {isa = PBXFileReference; lastKnownFileType = sourcecode.c.h; path = ViewController.h; sourceTree = "<group>"; };
		294E42981BF03294003C2423 /* ViewController.m */ = {isa = PBXFileReference; lastKnownFileType = sourcecode.c.objc; path = ViewController.m; sourceTree = "<group>"; };
		294E429D1BF03294003C2423 /* Assets.xcassets */ = {isa = PBXFileReference; lastKnownFileType = folder.assetcatalog; path = Assets.xcassets; sourceTree = "<group>"; };
		294E42A01BF03294003C2423 /* Base */ = {isa = PBXFileReference; lastKnownFileType = file.storyboard; name = Base; path = Base.lproj/LaunchScreen.storyboard; sourceTree = "<group>"; };
		294E42A21BF03294003C2423 /* Info.plist */ = {isa = PBXFileReference; lastKnownFileType = text.plist.xml; path = Info.plist; sourceTree = "<group>"; };
		295F11671BF1994600AE9C29 /* ZCTest.h */ = {isa = PBXFileReference; fileEncoding = 4; lastKnownFileType = sourcecode.c.h; path = ZCTest.h; sourceTree = "<group>"; };
		295F11681BF1994600AE9C29 /* ZCTest.m */ = {isa = PBXFileReference; fileEncoding = 4; lastKnownFileType = sourcecode.c.objc; path = ZCTest.m; sourceTree = "<group>"; };
		295F116A1BF19ACE00AE9C29 /* Test2.h */ = {isa = PBXFileReference; fileEncoding = 4; lastKnownFileType = sourcecode.c.h; path = Test2.h; sourceTree = "<group>"; };
		295F116B1BF19ACE00AE9C29 /* Test2.m */ = {isa = PBXFileReference; fileEncoding = 4; lastKnownFileType = sourcecode.c.objc; path = Test2.m; sourceTree = "<group>"; };
		295F116D1BF1C96D00AE9C29 /* Xiawu.h */ = {isa = PBXFileReference; fileEncoding = 4; lastKnownFileType = sourcecode.c.h; path = Xiawu.h; sourceTree = "<group>"; };
		295F116E1BF1C96D00AE9C29 /* Xiawu.m */ = {isa = PBXFileReference; fileEncoding = 4; lastKnownFileType = sourcecode.c.objc; path = Xiawu.m; sourceTree = "<group>"; };
		2966A5E41BFC28BA00A96AC4 /* MJExtension.framework */ = {isa = PBXFileReference; lastKnownFileType = wrapper.framework; name = MJExtension.framework; path = "Pods/../build/Debug-iphoneos/MJExtension.framework"; sourceTree = "<group>"; };
		342CFA873EA14DB0C3FCDD55 /* Pods.debug.xcconfig */ = {isa = PBXFileReference; includeInIndex = 1; lastKnownFileType = text.xcconfig; name = Pods.debug.xcconfig; path = "Pods/Target Support Files/Pods/Pods.debug.xcconfig"; sourceTree = "<group>"; };
		62698E0D608DDE9FE42583C1 /* Pods.release.xcconfig */ = {isa = PBXFileReference; includeInIndex = 1; lastKnownFileType = text.xcconfig; name = Pods.release.xcconfig; path = "Pods/Target Support Files/Pods/Pods.release.xcconfig"; sourceTree = "<group>"; };
		8B2AE811E421C2FA1633C1DD /* libPods.a */ = {isa = PBXFileReference; explicitFileType = archive.ar; includeInIndex = 0; path = libPods.a; sourceTree = BUILT_PRODUCTS_DIR; };
		C21269BC1BF1C8220091CC45 /* Sss.h */ = {isa = PBXFileReference; fileEncoding = 4; lastKnownFileType = sourcecode.c.h; path = Sss.h; sourceTree = "<group>"; };
		C21269BD1BF1C8220091CC45 /* Sss.m */ = {isa = PBXFileReference; fileEncoding = 4; lastKnownFileType = sourcecode.c.objc; path = Sss.m; sourceTree = "<group>"; };
		C2BA4C781BF1908B000D9163 /* Test.h */ = {isa = PBXFileReference; fileEncoding = 4; lastKnownFileType = sourcecode.c.h; path = Test.h; sourceTree = "<group>"; };
		C2BA4C791BF1908B000D9163 /* Test.m */ = {isa = PBXFileReference; fileEncoding = 4; lastKnownFileType = sourcecode.c.objc; path = Test.m; sourceTree = "<group>"; };
/* End PBXFileReference section */

/* Begin PBXFrameworksBuildPhase section */
		294E428B1BF03293003C2423 /* Frameworks */ = {
			isa = PBXFrameworksBuildPhase;
			buildActionMask = 2147483647;
			files = (
				EFC8ED12F0497EAA1360201E /* libPods.a in Frameworks */,
			);
			runOnlyForDeploymentPostprocessing = 0;
		};
/* End PBXFrameworksBuildPhase section */

/* Begin PBXGroup section */
		0971193EACE3154BE4E62EB9 /* Pods */ = {
			isa = PBXGroup;
			children = (
				342CFA873EA14DB0C3FCDD55 /* Pods.debug.xcconfig */,
				62698E0D608DDE9FE42583C1 /* Pods.release.xcconfig */,
			);
			name = Pods;
			sourceTree = "<group>";
		};
		294E42851BF03293003C2423 = {
			isa = PBXGroup;
			children = (
				294E42901BF03293003C2423 /* SourceTreeTest */,
				294E428F1BF03293003C2423 /* Products */,
				0971193EACE3154BE4E62EB9 /* Pods */,
				E49B92A8FE3DCCC732064B27 /* Frameworks */,
			);
			sourceTree = "<group>";
		};
		294E428F1BF03293003C2423 /* Products */ = {
			isa = PBXGroup;
			children = (
				294E428E1BF03293003C2423 /* SourceTreeTest.app */,
			);
			name = Products;
			sourceTree = "<group>";
		};
		294E42901BF03293003C2423 /* SourceTreeTest */ = {
			isa = PBXGroup;
			children = (
				294E42941BF03293003C2423 /* AppDelegate.h */,
				294E42951BF03293003C2423 /* AppDelegate.m */,
				294E42971BF03293003C2423 /* ViewController.h */,
				294E42981BF03294003C2423 /* ViewController.m */,
				291CF1C91BF2245A003356A6 /* Test1ViewController.h */,
				291CF1CA1BF2245A003356A6 /* Test1ViewController.m */,
				295F116D1BF1C96D00AE9C29 /* Xiawu.h */,
				295F116E1BF1C96D00AE9C29 /* Xiawu.m */,
				295F116A1BF19ACE00AE9C29 /* Test2.h */,
				295F116B1BF19ACE00AE9C29 /* Test2.m */,
				C2BA4C781BF1908B000D9163 /* Test.h */,
				C2BA4C791BF1908B000D9163 /* Test.m */,
				295F11671BF1994600AE9C29 /* ZCTest.h */,
				295F11681BF1994600AE9C29 /* ZCTest.m */,
				C21269BC1BF1C8220091CC45 /* Sss.h */,
				C21269BD1BF1C8220091CC45 /* Sss.m */,
				291CF1C61BF223EF003356A6 /* RootNavigationController.h */,
				291CF1C71BF223EF003356A6 /* RootNavigationController.m */,
				292761821BF1E57E006FEF56 /* Main.storyboard */,
				292761801BF1E3E9006FEF56 /* test.storyboard */,
				2927617E1BF1E30F006FEF56 /* test1.storyboard */,
				294E429D1BF03294003C2423 /* Assets.xcassets */,
				294E429F1BF03294003C2423 /* LaunchScreen.storyboard */,
				294E42A21BF03294003C2423 /* Info.plist */,
				294E42911BF03293003C2423 /* Supporting Files */,
			);
			path = SourceTreeTest;
			sourceTree = "<group>";
		};
		294E42911BF03293003C2423 /* Supporting Files */ = {
			isa = PBXGroup;
			children = (
				294E42921BF03293003C2423 /* main.m */,
			);
			name = "Supporting Files";
			sourceTree = "<group>";
		};
		E49B92A8FE3DCCC732064B27 /* Frameworks */ = {
			isa = PBXGroup;
			children = (
				2966A5E41BFC28BA00A96AC4 /* MJExtension.framework */,
				8B2AE811E421C2FA1633C1DD /* libPods.a */,
			);
			name = Frameworks;
			sourceTree = "<group>";
		};
/* End PBXGroup section */

/* Begin PBXNativeTarget section */
		294E428D1BF03293003C2423 /* SourceTreeTest */ = {
			isa = PBXNativeTarget;
			buildConfigurationList = 294E42A51BF03294003C2423 /* Build configuration list for PBXNativeTarget "SourceTreeTest" */;
			buildPhases = (
				4FE0BF3EAA8C9CE948F6DC7A /* Check Pods Manifest.lock */,
				294E428A1BF03293003C2423 /* Sources */,
				294E428B1BF03293003C2423 /* Frameworks */,
				294E428C1BF03293003C2423 /* Resources */,
				4C51471CB8BCE5472EC6A60A /* Embed Pods Frameworks */,
				2A784E9E42702B2799BA02F0 /* Copy Pods Resources */,
			);
			buildRules = (
			);
			dependencies = (
			);
			name = SourceTreeTest;
			productName = SourceTreeTest;
			productReference = 294E428E1BF03293003C2423 /* SourceTreeTest.app */;
			productType = "com.apple.product-type.application";
		};
/* End PBXNativeTarget section */

/* Begin PBXProject section */
		294E42861BF03293003C2423 /* Project object */ = {
			isa = PBXProject;
			attributes = {
				LastUpgradeCheck = 0710;
				ORGANIZATIONNAME = "胡智超";
				TargetAttributes = {
					294E428D1BF03293003C2423 = {
						CreatedOnToolsVersion = 7.1;
					};
				};
			};
			buildConfigurationList = 294E42891BF03293003C2423 /* Build configuration list for PBXProject "SourceTreeTest" */;
			compatibilityVersion = "Xcode 3.2";
			developmentRegion = English;
			hasScannedForEncodings = 0;
			knownRegions = (
				en,
				Base,
			);
			mainGroup = 294E42851BF03293003C2423;
			productRefGroup = 294E428F1BF03293003C2423 /* Products */;
			projectDirPath = "";
			projectRoot = "";
			targets = (
				294E428D1BF03293003C2423 /* SourceTreeTest */,
			);
		};
/* End PBXProject section */

/* Begin PBXResourcesBuildPhase section */
		294E428C1BF03293003C2423 /* Resources */ = {
			isa = PBXResourcesBuildPhase;
			buildActionMask = 2147483647;
			files = (
				2927617F1BF1E30F006FEF56 /* test1.storyboard in Resources */,
				294E42A11BF03294003C2423 /* LaunchScreen.storyboard in Resources */,
				294E429E1BF03294003C2423 /* Assets.xcassets in Resources */,
				292761811BF1E3E9006FEF56 /* test.storyboard in Resources */,
				292761831BF1E57E006FEF56 /* Main.storyboard in Resources */,
			);
			runOnlyForDeploymentPostprocessing = 0;
		};
/* End PBXResourcesBuildPhase section */

/* Begin PBXShellScriptBuildPhase section */
		2A784E9E42702B2799BA02F0 /* Copy Pods Resources */ = {
			isa = PBXShellScriptBuildPhase;
			buildActionMask = 2147483647;
			files = (
			);
			inputPaths = (
			);
			name = "Copy Pods Resources";
			outputPaths = (
			);
			runOnlyForDeploymentPostprocessing = 0;
			shellPath = /bin/sh;
			shellScript = "\"${SRCROOT}/Pods/Target Support Files/Pods/Pods-resources.sh\"\n";
			showEnvVarsInLog = 0;
		};
		4C51471CB8BCE5472EC6A60A /* Embed Pods Frameworks */ = {
			isa = PBXShellScriptBuildPhase;
			buildActionMask = 2147483647;
			files = (
			);
			inputPaths = (
			);
			name = "Embed Pods Frameworks";
			outputPaths = (
			);
			runOnlyForDeploymentPostprocessing = 0;
			shellPath = /bin/sh;
			shellScript = "\"${SRCROOT}/Pods/Target Support Files/Pods/Pods-frameworks.sh\"\n";
			showEnvVarsInLog = 0;
		};
		4FE0BF3EAA8C9CE948F6DC7A /* Check Pods Manifest.lock */ = {
			isa = PBXShellScriptBuildPhase;
			buildActionMask = 2147483647;
			files = (
			);
			inputPaths = (
			);
			name = "Check Pods Manifest.lock";
			outputPaths = (
			);
			runOnlyForDeploymentPostprocessing = 0;
			shellPath = /bin/sh;
			shellScript = "diff \"${PODS_ROOT}/../Podfile.lock\" \"${PODS_ROOT}/Manifest.lock\" > /dev/null\nif [[ $? != 0 ]] ; then\n    cat << EOM\nerror: The sandbox is not in sync with the Podfile.lock. Run 'pod install' or update your CocoaPods installation.\nEOM\n    exit 1\nfi\n";
			showEnvVarsInLog = 0;
		};
/* End PBXShellScriptBuildPhase section */

/* Begin PBXSourcesBuildPhase section */
		294E428A1BF03293003C2423 /* Sources */ = {
			isa = PBXSourcesBuildPhase;
			buildActionMask = 2147483647;
			files = (
				295F116F1BF1C96D00AE9C29 /* Xiawu.m in Sources */,
				295F116C1BF19ACE00AE9C29 /* Test2.m in Sources */,
				294E42991BF03294003C2423 /* ViewController.m in Sources */,
				C2BA4C7A1BF1908B000D9163 /* Test.m in Sources */,
				291CF1C81BF223EF003356A6 /* RootNavigationController.m in Sources */,
				C21269BE1BF1C8220091CC45 /* Sss.m in Sources */,
				291CF1CB1BF2245A003356A6 /* Test1ViewController.m in Sources */,
				294E42961BF03293003C2423 /* AppDelegate.m in Sources */,
				294E42931BF03293003C2423 /* main.m in Sources */,
				295F11691BF1994600AE9C29 /* ZCTest.m in Sources */,
			);
			runOnlyForDeploymentPostprocessing = 0;
		};
/* End PBXSourcesBuildPhase section */

/* Begin PBXVariantGroup section */
		294E429F1BF03294003C2423 /* LaunchScreen.storyboard */ = {
			isa = PBXVariantGroup;
			children = (
				294E42A01BF03294003C2423 /* Base */,
			);
			name = LaunchScreen.storyboard;
			sourceTree = "<group>";
		};
/* End PBXVariantGroup section */

/* Begin XCBuildConfiguration section */
		294E42A31BF03294003C2423 /* Debug */ = {
			isa = XCBuildConfiguration;
			buildSettings = {
				ALWAYS_SEARCH_USER_PATHS = NO;
				CLANG_CXX_LANGUAGE_STANDARD = "gnu++0x";
				CLANG_CXX_LIBRARY = "libc++";
				CLANG_ENABLE_MODULES = YES;
				CLANG_ENABLE_OBJC_ARC = YES;
				CLANG_WARN_BOOL_CONVERSION = YES;
				CLANG_WARN_CONSTANT_CONVERSION = YES;
				CLANG_WARN_DIRECT_OBJC_ISA_USAGE = YES_ERROR;
				CLANG_WARN_EMPTY_BODY = YES;
				CLANG_WARN_ENUM_CONVERSION = YES;
				CLANG_WARN_INT_CONVERSION = YES;
				CLANG_WARN_OBJC_ROOT_CLASS = YES_ERROR;
				CLANG_WARN_UNREACHABLE_CODE = YES;
				CLANG_WARN__DUPLICATE_METHOD_MATCH = YES;
				"CODE_SIGN_IDENTITY[sdk=iphoneos*]" = "iPhone Developer";
				COPY_PHASE_STRIP = NO;
				DEBUG_INFORMATION_FORMAT = dwarf;
				ENABLE_STRICT_OBJC_MSGSEND = YES;
				ENABLE_TESTABILITY = YES;
				GCC_C_LANGUAGE_STANDARD = gnu99;
				GCC_DYNAMIC_NO_PIC = NO;
				GCC_NO_COMMON_BLOCKS = YES;
				GCC_OPTIMIZATION_LEVEL = 0;
				GCC_PREPROCESSOR_DEFINITIONS = (
					"DEBUG=1",
					"$(inherited)",
				);
				GCC_WARN_64_TO_32_BIT_CONVERSION = YES;
				GCC_WARN_ABOUT_RETURN_TYPE = YES_ERROR;
				GCC_WARN_UNDECLARED_SELECTOR = YES;
				GCC_WARN_UNINITIALIZED_AUTOS = YES_AGGRESSIVE;
				GCC_WARN_UNUSED_FUNCTION = YES;
				GCC_WARN_UNUSED_VARIABLE = YES;
				IPHONEOS_DEPLOYMENT_TARGET = 9.0;
				MTL_ENABLE_DEBUG_INFO = YES;
				ONLY_ACTIVE_ARCH = YES;
				SDKROOT = iphoneos;
				TARGETED_DEVICE_FAMILY = "1,2";
			};
			name = Debug;
		};
		294E42A41BF03294003C2423 /* Release */ = {
			isa = XCBuildConfiguration;
			buildSettings = {
				ALWAYS_SEARCH_USER_PATHS = NO;
				CLANG_CXX_LANGUAGE_STANDARD = "gnu++0x";
				CLANG_CXX_LIBRARY = "libc++";
				CLANG_ENABLE_MODULES = YES;
				CLANG_ENABLE_OBJC_ARC = YES;
				CLANG_WARN_BOOL_CONVERSION = YES;
				CLANG_WARN_CONSTANT_CONVERSION = YES;
				CLANG_WARN_DIRECT_OBJC_ISA_USAGE = YES_ERROR;
				CLANG_WARN_EMPTY_BODY = YES;
				CLANG_WARN_ENUM_CONVERSION = YES;
				CLANG_WARN_INT_CONVERSION = YES;
				CLANG_WARN_OBJC_ROOT_CLASS = YES_ERROR;
				CLANG_WARN_UNREACHABLE_CODE = YES;
				CLANG_WARN__DUPLICATE_METHOD_MATCH = YES;
				"CODE_SIGN_IDENTITY[sdk=iphoneos*]" = "iPhone Developer";
				COPY_PHASE_STRIP = NO;
				DEBUG_INFORMATION_FORMAT = "dwarf-with-dsym";
				ENABLE_NS_ASSERTIONS = NO;
				ENABLE_STRICT_OBJC_MSGSEND = YES;
				GCC_C_LANGUAGE_STANDARD = gnu99;
				GCC_NO_COMMON_BLOCKS = YES;
				GCC_WARN_64_TO_32_BIT_CONVERSION = YES;
				GCC_WARN_ABOUT_RETURN_TYPE = YES_ERROR;
				GCC_WARN_UNDECLARED_SELECTOR = YES;
				GCC_WARN_UNINITIALIZED_AUTOS = YES_AGGRESSIVE;
				GCC_WARN_UNUSED_FUNCTION = YES;
				GCC_WARN_UNUSED_VARIABLE = YES;
				IPHONEOS_DEPLOYMENT_TARGET = 9.0;
				MTL_ENABLE_DEBUG_INFO = NO;
				SDKROOT = iphoneos;
				TARGETED_DEVICE_FAMILY = "1,2";
				VALIDATE_PRODUCT = YES;
			};
			name = Release;
		};
		294E42A61BF03294003C2423 /* Debug */ = {
			isa = XCBuildConfiguration;
			baseConfigurationReference = 342CFA873EA14DB0C3FCDD55 /* Pods.debug.xcconfig */;
			buildSettings = {
				ASSETCATALOG_COMPILER_APPICON_NAME = AppIcon;
				FRAMEWORK_SEARCH_PATHS = (
					"$(inherited)",
					"$(PROJECT_DIR)/build/Debug-iphoneos",
				);
				INFOPLIST_FILE = SourceTreeTest/Info.plist;
				IPHONEOS_DEPLOYMENT_TARGET = 9.0;
				LD_RUNPATH_SEARCH_PATHS = "$(inherited) @executable_path/Frameworks";
				PRODUCT_BUNDLE_IDENTIFIER = com.lanou3g.SourceTreeTest;
				PRODUCT_NAME = "$(TARGET_NAME)";
			};
			name = Debug;
		};
		294E42A71BF03294003C2423 /* Release */ = {
			isa = XCBuildConfiguration;
			baseConfigurationReference = 62698E0D608DDE9FE42583C1 /* Pods.release.xcconfig */;
			buildSettings = {
				ASSETCATALOG_COMPILER_APPICON_NAME = AppIcon;
				FRAMEWORK_SEARCH_PATHS = (
					"$(inherited)",
					"$(PROJECT_DIR)/build/Debug-iphoneos",
				);
				INFOPLIST_FILE = SourceTreeTest/Info.plist;
				IPHONEOS_DEPLOYMENT_TARGET = 9.0;
				LD_RUNPATH_SEARCH_PATHS = "$(inherited) @executable_path/Frameworks";
				PRODUCT_BUNDLE_IDENTIFIER = com.lanou3g.SourceTreeTest;
				PRODUCT_NAME = "$(TARGET_NAME)";
			};
			name = Release;
		};
/* End XCBuildConfiguration section */

/* Begin XCConfigurationList section */
		294E42891BF03293003C2423 /* Build configuration list for PBXProject "SourceTreeTest" */ = {
			isa = XCConfigurationList;
			buildConfigurations = (
				294E42A31BF03294003C2423 /* Debug */,
				294E42A41BF03294003C2423 /* Release */,
			);
			defaultConfigurationIsVisible = 0;
			defaultConfigurationName = Release;
		};
		294E42A51BF03294003C2423 /* Build configuration list for PBXNativeTarget "SourceTreeTest" */ = {
			isa = XCConfigurationList;
			buildConfigurations = (
				294E42A61BF03294003C2423 /* Debug */,
				294E42A71BF03294003C2423 /* Release */,
			);
			defaultConfigurationIsVisible = 0;
			defaultConfigurationName = Release;
		};
/* End XCConfigurationList section */
	};
	rootObject = 294E42861BF03293003C2423 /* Project object */;
}
