// !$*UTF8*$!
{
	archiveVersion = 1;
	classes = {
	};
	objectVersion = 46;
	objects = {

/* Begin PBXBuildFile section */
		294E42931BF03293003C2423 /* main.m in Sources */ = {isa = PBXBuildFile; fileRef = 294E42921BF03293003C2423 /* main.m */; };
		294E42961BF03293003C2423 /* AppDelegate.m in Sources */ = {isa = PBXBuildFile; fileRef = 294E42951BF03293003C2423 /* AppDelegate.m */; };
		294E42991BF03294003C2423 /* ViewController.m in Sources */ = {isa = PBXBuildFile; fileRef = 294E42981BF03294003C2423 /* ViewController.m */; };
		294E429C1BF03294003C2423 /* Main.storyboard in Resources */ = {isa = PBXBuildFile; fileRef = 294E429A1BF03294003C2423 /* Main.storyboard */; };
		294E429E1BF03294003C2423 /* Assets.xcassets in Resources */ = {isa = PBXBuildFile; fileRef = 294E429D1BF03294003C2423 /* Assets.xcassets */; };
		294E42A11BF03294003C2423 /* LaunchScreen.storyboard in Resources */ = {isa = PBXBuildFile; fileRef = 294E429F1BF03294003C2423 /* LaunchScreen.storyboard */; };
		C2BA4C7A1BF1908B000D9163 /* Test.m in Sources */ = {isa = PBXBuildFile; fileRef = C2BA4C791BF1908B000D9163 /* Test.m */; };
/* End PBXBuildFile section */

/* Begin PBXFileReference section */
		294E428E1BF03293003C2423 /* SourceTreeTest.app */ = {isa = PBXFileReference; explicitFileType = wrapper.application; includeInIndex = 0; path = SourceTreeTest.app; sourceTree = BUILT_PRODUCTS_DIR; };
		294E42921BF03293003C2423 /* main.m */ = {isa = PBXFileReference; lastKnownFileType = sourcecode.c.objc; path = main.m; sourceTree = "<group>"; };
		294E42941BF03293003C2423 /* AppDelegate.h */ = {isa = PBXFileReference; lastKnownFileType = sourcecode.c.h; path = AppDelegate.h; sourceTree = "<group>"; };
		294E42951BF03293003C2423 /* AppDelegate.m */ = {isa = PBXFileReference; lastKnownFileType = sourcecode.c.objc; path = AppDelegate.m; sourceTree = "<group>"; };
		294E42971BF03293003C2423 /* ViewController.h */ = {isa = PBXFileReference; lastKnownFileType = sourcecode.c.h; path = ViewController.h; sourceTree = "<group>"; };
		294E42981BF03294003C2423 /* ViewController.m */ = {isa = PBXFileReference; lastKnownFileType = sourcecode.c.objc; path = ViewController.m; sourceTree = "<group>"; };
		294E429B1BF03294003C2423 /* Base */ = {isa = PBXFileReference; lastKnownFileType = file.storyboard; name = Base; path = Base.lproj/Main.storyboard; sourceTree = "<group>"; };
		294E429D1BF03294003C2423 /* Assets.xcassets */ = {isa = PBXFileReference; lastKnownFileType = folder.assetcatalog; path = Assets.xcassets; sourceTree = "<group>"; };
		294E42A01BF03294003C2423 /* Base */ = {isa = PBXFileReference; lastKnownFileType = file.storyboard; name = Base; path = Base.lproj/LaunchScreen.storyboard; sourceTree = "<group>"; };
		294E42A21BF03294003C2423 /* Info.plist */ = {isa = PBXFileReference; lastKnownFileType = text.plist.xml; path = Info.plist; sourceTree = "<group>"; };
		C2BA4C781BF1908B000D9163 /* Test.h */ = {isa = PBXFileReference; fileEncoding = 4; lastKnownFileType = sourcecode.c.h; path = Test.h; sourceTree = "<group>"; };
		C2BA4C791BF1908B000D9163 /* Test.m */ = {isa = PBXFileReference; fileEncoding = 4; lastKnownFileType = sourcecode.c.objc; path = Test.m; sourceTree = "<group>"; };
/* End PBXFileReference section */

/* Begin PBXFrameworksBuildPhase section */
		294E428B1BF03293003C2423 /* Frameworks */ = {
			isa = PBXFrameworksBuildPhase;
			buildActionMask = 2147483647;
			files = (
			);
			runOnlyForDeploymentPostprocessing = 0;
		};
/* End PBXFrameworksBuildPhase section */

/* Begin PBXGroup section */
		294E42851BF03293003C2423 = {
			isa = PBXGroup;
			children = (
				294E42901BF03293003C2423 /* SourceTreeTest */,
				294E428F1BF03293003C2423 /* Products */,
			);
			sourceTree = "<group>";
		};
		294E428F1BF03293003C2423 /* Products */ = {
			isa = PBXGroup;
			children = (
				294E428E1BF03293003C2423 /* SourceTreeTest.app */,
			);
			name = Products;
			sourceTree = "<group>";
		};
		294E42901BF03293003C2423 /* SourceTreeTest */ = {
			isa = PBXGroup;
			children = (
				294E42941BF03293003C2423 /* AppDelegate.h */,
				294E42951BF03293003C2423 /* AppDelegate.m */,
				294E42971BF03293003C2423 /* ViewController.h */,
				294E42981BF03294003C2423 /* ViewController.m */,
				C2BA4C781BF1908B000D9163 /* Test.h */,
				C2BA4C791BF1908B000D9163 /* Test.m */,
				294E429A1BF03294003C2423 /* Main.storyboard */,
				294E429D1BF03294003C2423 /* Assets.xcassets */,
				294E429F1BF03294003C2423 /* LaunchScreen.storyboard */,
				294E42A21BF03294003C2423 /* Info.plist */,
				294E42911BF03293003C2423 /* Supporting Files */,
			);
			path = SourceTreeTest;
			sourceTree = "<group>";
		};
		294E42911BF03293003C2423 /* Supporting Files */ = {
			isa = PBXGroup;
			children = (
				294E42921BF03293003C2423 /* main.m */,
			);
			name = "Supporting Files";
			sourceTree = "<group>";
		};
/* End PBXGroup section */

/* Begin PBXNativeTarget section */
		294E428D1BF03293003C2423 /* SourceTreeTest */ = {
			isa = PBXNativeTarget;
			buildConfigurationList = 294E42A51BF03294003C2423 /* Build configuration list for PBXNativeTarget "SourceTreeTest" */;
			buildPhases = (
				294E428A1BF03293003C2423 /* Sources */,
				294E428B1BF03293003C2423 /* Frameworks */,
				294E428C1BF03293003C2423 /* Resources */,
			);
			buildRules = (
			);
			dependencies = (
			);
			name = SourceTreeTest;
			productName = SourceTreeTest;
			productReference = 294E428E1BF03293003C2423 /* SourceTreeTest.app */;
			productType = "com.apple.product-type.application";
		};
/* End PBXNativeTarget section */

/* Begin PBXProject section */
		294E42861BF03293003C2423 /* Project object */ = {
			isa = PBXProject;
			attributes = {
				LastUpgradeCheck = 0710;
				ORGANIZATIONNAME = "胡智超";
				TargetAttributes = {
					294E428D1BF03293003C2423 = {
						CreatedOnToolsVersion = 7.1;
					};
				};
			};
			buildConfigurationList = 294E42891BF03293003C2423 /* Build configuration list for PBXProject "SourceTreeTest" */;
			compatibilityVersion = "Xcode 3.2";
			developmentRegion = English;
			hasScannedForEncodings = 0;
			knownRegions = (
				en,
				Base,
			);
			mainGroup = 294E42851BF03293003C2423;
			productRefGroup = 294E428F1BF03293003C2423 /* Products */;
			projectDirPath = "";
			projectRoot = "";
			targets = (
				294E428D1BF03293003C2423 /* SourceTreeTest */,
			);
		};
/* End PBXProject section */

/* Begin PBXResourcesBuildPhase section */
		294E428C1BF03293003C2423 /* Resources */ = {
			isa = PBXResourcesBuildPhase;
			buildActionMask = 2147483647;
			files = (
				294E42A11BF03294003C2423 /* LaunchScreen.storyboard in Resources */,
				294E429E1BF03294003C2423 /* Assets.xcassets in Resources */,
				294E429C1BF03294003C2423 /* Main.storyboard in Resources */,
			);
			runOnlyForDeploymentPostprocessing = 0;
		};
/* End PBXResourcesBuildPhase section */

/* Begin PBXSourcesBuildPhase section */
		294E428A1BF03293003C2423 /* Sources */ = {
			isa = PBXSourcesBuildPhase;
			buildActionMask = 2147483647;
			files = (
				294E42991BF03294003C2423 /* ViewController.m in Sources */,
				C2BA4C7A1BF1908B000D9163 /* Test.m in Sources */,
				294E42961BF03293003C2423 /* AppDelegate.m in Sources */,
				294E42931BF03293003C2423 /* main.m in Sources */,
			);
			runOnlyForDeploymentPostprocessing = 0;
		};
/* End PBXSourcesBuildPhase section */

/* Begin PBXVariantGroup section */
		294E429A1BF03294003C2423 /* Main.storyboard */ = {
			isa = PBXVariantGroup;
			children = (
				294E429B1BF03294003C2423 /* Base */,
			);
			name = Main.storyboard;
			sourceTree = "<group>";
		};
		294E429F1BF03294003C2423 /* LaunchScreen.storyboard */ = {
			isa = PBXVariantGroup;
			children = (
				294E42A01BF03294003C2423 /* Base */,
			);
			name = LaunchScreen.storyboard;
			sourceTree = "<group>";
		};
/* End PBXVariantGroup section */

/* Begin XCBuildConfiguration section */
		294E42A31BF03294003C2423 /* Debug */ = {
			isa = XCBuildConfiguration;
			buildSettings = {
				ALWAYS_SEARCH_USER_PATHS = NO;
				CLANG_CXX_LANGUAGE_STANDARD = "gnu++0x";
				CLANG_CXX_LIBRARY = "libc++";
				CLANG_ENABLE_MODULES = YES;
				CLANG_ENABLE_OBJC_ARC = YES;
				CLANG_WARN_BOOL_CONVERSION = YES;
				CLANG_WARN_CONSTANT_CONVERSION = YES;
				CLANG_WARN_DIRECT_OBJC_ISA_USAGE = YES_ERROR;
				CLANG_WARN_EMPTY_BODY = YES;
				CLANG_WARN_ENUM_CONVERSION = YES;
				CLANG_WARN_INT_CONVERSION = YES;
				CLANG_WARN_OBJC_ROOT_CLASS = YES_ERROR;
				CLANG_WARN_UNREACHABLE_CODE = YES;
				CLANG_WARN__DUPLICATE_METHOD_MATCH = YES;
				"CODE_SIGN_IDENTITY[sdk=iphoneos*]" = "iPhone Developer";
				COPY_PHASE_STRIP = NO;
				DEBUG_INFORMATION_FORMAT = dwarf;
				ENABLE_STRICT_OBJC_MSGSEND = YES;
				ENABLE_TESTABILITY = YES;
				GCC_C_LANGUAGE_STANDARD = gnu99;
				GCC_DYNAMIC_NO_PIC = NO;
				GCC_NO_COMMON_BLOCKS = YES;
				GCC_OPTIMIZATION_LEVEL = 0;
				GCC_PREPROCESSOR_DEFINITIONS = (
					"DEBUG=1",
					"$(inherited)",
				);
				GCC_WARN_64_TO_32_BIT_CONVERSION = YES;
				GCC_WARN_ABOUT_RETURN_TYPE = YES_ERROR;
				GCC_WARN_UNDECLARED_SELECTOR = YES;
				GCC_WARN_UNINITIALIZED_AUTOS = YES_AGGRESSIVE;
				GCC_WARN_UNUSED_FUNCTION = YES;
				GCC_WARN_UNUSED_VARIABLE = YES;
				IPHONEOS_DEPLOYMENT_TARGET = 9.1;
				MTL_ENABLE_DEBUG_INFO = YES;
				ONLY_ACTIVE_ARCH = YES;
				SDKROOT = iphoneos;
				TARGETED_DEVICE_FAMILY = "1,2";
			};
			name = Debug;
		};
		294E42A41BF03294003C2423 /* Release */ = {
			isa = XCBuildConfiguration;
			buildSettings = {
				ALWAYS_SEARCH_USER_PATHS = NO;
				CLANG_CXX_LANGUAGE_STANDARD = "gnu++0x";
				CLANG_CXX_LIBRARY = "libc++";
				CLANG_ENABLE_MODULES = YES;
				CLANG_ENABLE_OBJC_ARC = YES;
				CLANG_WARN_BOOL_CONVERSION = YES;
				CLANG_WARN_CONSTANT_CONVERSION = YES;
				CLANG_WARN_DIRECT_OBJC_ISA_USAGE = YES_ERROR;
				CLANG_WARN_EMPTY_BODY = YES;
				CLANG_WARN_ENUM_CONVERSION = YES;
				CLANG_WARN_INT_CONVERSION = YES;
				CLANG_WARN_OBJC_ROOT_CLASS = YES_ERROR;
				CLANG_WARN_UNREACHABLE_CODE = YES;
				CLANG_WARN__DUPLICATE_METHOD_MATCH = YES;
				"CODE_SIGN_IDENTITY[sdk=iphoneos*]" = "iPhone Developer";
				COPY_PHASE_STRIP = NO;
				DEBUG_INFORMATION_FORMAT = "dwarf-with-dsym";
				ENABLE_NS_ASSERTIONS = NO;
				ENABLE_STRICT_OBJC_MSGSEND = YES;
				GCC_C_LANGUAGE_STANDARD = gnu99;
				GCC_NO_COMMON_BLOCKS = YES;
				GCC_WARN_64_TO_32_BIT_CONVERSION = YES;
				GCC_WARN_ABOUT_RETURN_TYPE = YES_ERROR;
				GCC_WARN_UNDECLARED_SELECTOR = YES;
				GCC_WARN_UNINITIALIZED_AUTOS = YES_AGGRESSIVE;
				GCC_WARN_UNUSED_FUNCTION = YES;
				GCC_WARN_UNUSED_VARIABLE = YES;
				IPHONEOS_DEPLOYMENT_TARGET = 9.1;
				MTL_ENABLE_DEBUG_INFO = NO;
				SDKROOT = iphoneos;
				TARGETED_DEVICE_FAMILY = "1,2";
				VALIDATE_PRODUCT = YES;
			};
			name = Release;
		};
		294E42A61BF03294003C2423 /* Debug */ = {
			isa = XCBuildConfiguration;
			buildSettings = {
				ASSETCATALOG_COMPILER_APPICON_NAME = AppIcon;
				INFOPLIST_FILE = SourceTreeTest/Info.plist;
				LD_RUNPATH_SEARCH_PATHS = "$(inherited) @executable_path/Frameworks";
				PRODUCT_BUNDLE_IDENTIFIER = com.lanou3g.SourceTreeTest;
				PRODUCT_NAME = "$(TARGET_NAME)";
			};
			name = Debug;
		};
		294E42A71BF03294003C2423 /* Release */ = {
			isa = XCBuildConfiguration;
			buildSettings = {
				ASSETCATALOG_COMPILER_APPICON_NAME = AppIcon;
				INFOPLIST_FILE = SourceTreeTest/Info.plist;
				LD_RUNPATH_SEARCH_PATHS = "$(inherited) @executable_path/Frameworks";
				PRODUCT_BUNDLE_IDENTIFIER = com.lanou3g.SourceTreeTest;
				PRODUCT_NAME = "$(TARGET_NAME)";
			};
			name = Release;
		};
/* End XCBuildConfiguration section */

/* Begin XCConfigurationList section */
		294E42891BF03293003C2423 /* Build configuration list for PBXProject "SourceTreeTest" */ = {
			isa = XCConfigurationList;
			buildConfigurations = (
				294E42A31BF03294003C2423 /* Debug */,
				294E42A41BF03294003C2423 /* Release */,
			);
			defaultConfigurationIsVisible = 0;
			defaultConfigurationName = Release;
		};
		294E42A51BF03294003C2423 /* Build configuration list for PBXNativeTarget "SourceTreeTest" */ = {
			isa = XCConfigurationList;
			buildConfigurations = (
				294E42A61BF03294003C2423 /* Debug */,
				294E42A71BF03294003C2423 /* Release */,
			);
			defaultConfigurationIsVisible = 0;
			defaultConfigurationName = Release;
		};
/* End XCConfigurationList section */
	};
	rootObject = 294E42861BF03293003C2423 /* Project object */;
}
